// !$*UTF8*$!
{
	archiveVersion = 1;
	classes = {
	};
	objectVersion = 50;
	objects = {

/* Begin PBXBuildFile section */
		354379E126F8955700089A98 /* AppDelegate.swift in Sources */ = {isa = PBXBuildFile; fileRef = 354379E026F8955700089A98 /* AppDelegate.swift */; };
		354379EA26F8955900089A98 /* Assets.xcassets in Resources */ = {isa = PBXBuildFile; fileRef = 354379E926F8955900089A98 /* Assets.xcassets */; };
		354379ED26F8955900089A98 /* LaunchScreen.storyboard in Resources */ = {isa = PBXBuildFile; fileRef = 354379EB26F8955900089A98 /* LaunchScreen.storyboard */; };
		35437A1826F8999800089A98 /* AppDelegate.swift in Sources */ = {isa = PBXBuildFile; fileRef = 354379E026F8955700089A98 /* AppDelegate.swift */; };
		35437A1C26F8999800089A98 /* LaunchScreen.storyboard in Resources */ = {isa = PBXBuildFile; fileRef = 354379EB26F8955900089A98 /* LaunchScreen.storyboard */; };
		35437A1D26F8999800089A98 /* Assets.xcassets in Resources */ = {isa = PBXBuildFile; fileRef = 354379E926F8955900089A98 /* Assets.xcassets */; };
		35437A2626F8999F00089A98 /* AppDelegate.swift in Sources */ = {isa = PBXBuildFile; fileRef = 354379E026F8955700089A98 /* AppDelegate.swift */; };
		35437A2A26F8999F00089A98 /* LaunchScreen.storyboard in Resources */ = {isa = PBXBuildFile; fileRef = 354379EB26F8955900089A98 /* LaunchScreen.storyboard */; };
		35437A2B26F8999F00089A98 /* Assets.xcassets in Resources */ = {isa = PBXBuildFile; fileRef = 354379E926F8955900089A98 /* Assets.xcassets */; };
		359FD68826FA2030006B2414 /* CategoryPickerViewController.swift in Sources */ = {isa = PBXBuildFile; fileRef = 359FD68726FA2030006B2414 /* CategoryPickerViewController.swift */; };
		359FD68926FA2030006B2414 /* CategoryPickerViewController.swift in Sources */ = {isa = PBXBuildFile; fileRef = 359FD68726FA2030006B2414 /* CategoryPickerViewController.swift */; };
		359FD68A26FA2030006B2414 /* CategoryPickerViewController.swift in Sources */ = {isa = PBXBuildFile; fileRef = 359FD68726FA2030006B2414 /* CategoryPickerViewController.swift */; };
		359FD68C26FA2335006B2414 /* CategoryTableViewCell.swift in Sources */ = {isa = PBXBuildFile; fileRef = 359FD68B26FA2335006B2414 /* CategoryTableViewCell.swift */; };
		359FD68D26FA2335006B2414 /* CategoryTableViewCell.swift in Sources */ = {isa = PBXBuildFile; fileRef = 359FD68B26FA2335006B2414 /* CategoryTableViewCell.swift */; };
		359FD68E26FA2335006B2414 /* CategoryTableViewCell.swift in Sources */ = {isa = PBXBuildFile; fileRef = 359FD68B26FA2335006B2414 /* CategoryTableViewCell.swift */; };
		359FD69026FA38A7006B2414 /* AdTests.swift in Sources */ = {isa = PBXBuildFile; fileRef = 359FD68F26FA38A7006B2414 /* AdTests.swift */; };
		359FD69126FA3C44006B2414 /* UIImageView+Extensions.swift in Sources */ = {isa = PBXBuildFile; fileRef = 35EA31C426F8DD5B0071CEA4 /* UIImageView+Extensions.swift */; };
		359FD69226FA3C57006B2414 /* UIStackView+Extensions.swift in Sources */ = {isa = PBXBuildFile; fileRef = 35EA31C026F8D6CC0071CEA4 /* UIStackView+Extensions.swift */; };
		359FD69426FA412E006B2414 /* AdsTests.swift in Sources */ = {isa = PBXBuildFile; fileRef = 359FD69326FA412E006B2414 /* AdsTests.swift */; };
		359FD69626FA44B9006B2414 /* CategoryTests.swift in Sources */ = {isa = PBXBuildFile; fileRef = 359FD69526FA44B9006B2414 /* CategoryTests.swift */; };
		359FD69826FA4533006B2414 /* APIServiceTests.swift in Sources */ = {isa = PBXBuildFile; fileRef = 359FD69726FA4533006B2414 /* APIServiceTests.swift */; };
		359FD69A26FA47F9006B2414 /* ExtensionsTests.swift in Sources */ = {isa = PBXBuildFile; fileRef = 359FD69926FA47F9006B2414 /* ExtensionsTests.swift */; };
		359FD69C26FA49F3006B2414 /* CategoryTableViewCellTests.swift in Sources */ = {isa = PBXBuildFile; fileRef = 359FD69B26FA49F3006B2414 /* CategoryTableViewCellTests.swift */; };
		359FD69E26FA4B4E006B2414 /* ConfigTests.swift in Sources */ = {isa = PBXBuildFile; fileRef = 359FD69D26FA4B4E006B2414 /* ConfigTests.swift */; };
		359FD6A026FA4C6F006B2414 /* CategoryPickerViewControllerTests.swift in Sources */ = {isa = PBXBuildFile; fileRef = 359FD69F26FA4C6F006B2414 /* CategoryPickerViewControllerTests.swift */; };
		359FD6A626FA50B0006B2414 /* AdCollectionViewCellTests.swift in Sources */ = {isa = PBXBuildFile; fileRef = 359FD6A526FA50B0006B2414 /* AdCollectionViewCellTests.swift */; };
		35B6DBD926FA7F1900DAFBD5 /* LaunchUITests.swift in Sources */ = {isa = PBXBuildFile; fileRef = 35B6DBD826FA7F1900DAFBD5 /* LaunchUITests.swift */; };
		35B6DBDC26FA828000DAFBD5 /* UITestsExtensions.swift in Sources */ = {isa = PBXBuildFile; fileRef = 35B6DBDB26FA828000DAFBD5 /* UITestsExtensions.swift */; };
		35B6DBDE26FA84FF00DAFBD5 /* ListUITests.swift in Sources */ = {isa = PBXBuildFile; fileRef = 35B6DBDD26FA84FF00DAFBD5 /* ListUITests.swift */; };
		35EA314B26F89B5D0071CEA4 /* BaseViewController.swift in Sources */ = {isa = PBXBuildFile; fileRef = 35EA314A26F89B5D0071CEA4 /* BaseViewController.swift */; };
		35EA314C26F89B5D0071CEA4 /* BaseViewController.swift in Sources */ = {isa = PBXBuildFile; fileRef = 35EA314A26F89B5D0071CEA4 /* BaseViewController.swift */; };
		35EA314D26F89B5D0071CEA4 /* BaseViewController.swift in Sources */ = {isa = PBXBuildFile; fileRef = 35EA314A26F89B5D0071CEA4 /* BaseViewController.swift */; };
		35EA315026F89D530071CEA4 /* LaunchViewController.swift in Sources */ = {isa = PBXBuildFile; fileRef = 35EA314F26F89D530071CEA4 /* LaunchViewController.swift */; };
		35EA315126F89D530071CEA4 /* LaunchViewController.swift in Sources */ = {isa = PBXBuildFile; fileRef = 35EA314F26F89D530071CEA4 /* LaunchViewController.swift */; };
		35EA315226F89D530071CEA4 /* LaunchViewController.swift in Sources */ = {isa = PBXBuildFile; fileRef = 35EA314F26F89D530071CEA4 /* LaunchViewController.swift */; };
		35EA315426F89D6F0071CEA4 /* ListViewController.swift in Sources */ = {isa = PBXBuildFile; fileRef = 35EA315326F89D6F0071CEA4 /* ListViewController.swift */; };
		35EA315526F89D6F0071CEA4 /* ListViewController.swift in Sources */ = {isa = PBXBuildFile; fileRef = 35EA315326F89D6F0071CEA4 /* ListViewController.swift */; };
		35EA315626F89D6F0071CEA4 /* ListViewController.swift in Sources */ = {isa = PBXBuildFile; fileRef = 35EA315326F89D6F0071CEA4 /* ListViewController.swift */; };
		35EA315826F89D760071CEA4 /* DetailViewController.swift in Sources */ = {isa = PBXBuildFile; fileRef = 35EA315726F89D760071CEA4 /* DetailViewController.swift */; };
		35EA315926F89D760071CEA4 /* DetailViewController.swift in Sources */ = {isa = PBXBuildFile; fileRef = 35EA315726F89D760071CEA4 /* DetailViewController.swift */; };
		35EA315A26F89D760071CEA4 /* DetailViewController.swift in Sources */ = {isa = PBXBuildFile; fileRef = 35EA315726F89D760071CEA4 /* DetailViewController.swift */; };
		35EA315C26F89DD20071CEA4 /* Ad.swift in Sources */ = {isa = PBXBuildFile; fileRef = 35EA315B26F89DD20071CEA4 /* Ad.swift */; };
		35EA315D26F89DD20071CEA4 /* Ad.swift in Sources */ = {isa = PBXBuildFile; fileRef = 35EA315B26F89DD20071CEA4 /* Ad.swift */; };
		35EA315E26F89DD20071CEA4 /* Ad.swift in Sources */ = {isa = PBXBuildFile; fileRef = 35EA315B26F89DD20071CEA4 /* Ad.swift */; };
		35EA315F26F89DD20071CEA4 /* Ad.swift in Sources */ = {isa = PBXBuildFile; fileRef = 35EA315B26F89DD20071CEA4 /* Ad.swift */; };
		35EA316126F89DE30071CEA4 /* Category.swift in Sources */ = {isa = PBXBuildFile; fileRef = 35EA316026F89DE30071CEA4 /* Category.swift */; };
		35EA316226F89DE30071CEA4 /* Category.swift in Sources */ = {isa = PBXBuildFile; fileRef = 35EA316026F89DE30071CEA4 /* Category.swift */; };
		35EA316326F89DE30071CEA4 /* Category.swift in Sources */ = {isa = PBXBuildFile; fileRef = 35EA316026F89DE30071CEA4 /* Category.swift */; };
		35EA316426F89DE30071CEA4 /* Category.swift in Sources */ = {isa = PBXBuildFile; fileRef = 35EA316026F89DE30071CEA4 /* Category.swift */; };
		35EA316626F89E460071CEA4 /* ImageUrl.swift in Sources */ = {isa = PBXBuildFile; fileRef = 35EA316526F89E460071CEA4 /* ImageUrl.swift */; };
		35EA316726F89E460071CEA4 /* ImageUrl.swift in Sources */ = {isa = PBXBuildFile; fileRef = 35EA316526F89E460071CEA4 /* ImageUrl.swift */; };
		35EA316826F89E460071CEA4 /* ImageUrl.swift in Sources */ = {isa = PBXBuildFile; fileRef = 35EA316526F89E460071CEA4 /* ImageUrl.swift */; };
		35EA316926F89E460071CEA4 /* ImageUrl.swift in Sources */ = {isa = PBXBuildFile; fileRef = 35EA316526F89E460071CEA4 /* ImageUrl.swift */; };
		35EA316C26F89FA50071CEA4 /* Config.swift in Sources */ = {isa = PBXBuildFile; fileRef = 35EA316B26F89FA50071CEA4 /* Config.swift */; };
		35EA316D26F89FA50071CEA4 /* Config.swift in Sources */ = {isa = PBXBuildFile; fileRef = 35EA316B26F89FA50071CEA4 /* Config.swift */; };
		35EA316E26F89FA50071CEA4 /* Config.swift in Sources */ = {isa = PBXBuildFile; fileRef = 35EA316B26F89FA50071CEA4 /* Config.swift */; };
		35EA316F26F89FA50071CEA4 /* Config.swift in Sources */ = {isa = PBXBuildFile; fileRef = 35EA316B26F89FA50071CEA4 /* Config.swift */; };
		35EA317126F89FAC0071CEA4 /* Constants.swift in Sources */ = {isa = PBXBuildFile; fileRef = 35EA317026F89FAC0071CEA4 /* Constants.swift */; };
		35EA317226F89FAC0071CEA4 /* Constants.swift in Sources */ = {isa = PBXBuildFile; fileRef = 35EA317026F89FAC0071CEA4 /* Constants.swift */; };
		35EA317326F89FAC0071CEA4 /* Constants.swift in Sources */ = {isa = PBXBuildFile; fileRef = 35EA317026F89FAC0071CEA4 /* Constants.swift */; };
		35EA317426F89FAC0071CEA4 /* Constants.swift in Sources */ = {isa = PBXBuildFile; fileRef = 35EA317026F89FAC0071CEA4 /* Constants.swift */; };
		35EA317626F8A1CF0071CEA4 /* APIService.swift in Sources */ = {isa = PBXBuildFile; fileRef = 35EA317526F8A1CF0071CEA4 /* APIService.swift */; };
		35EA317726F8A1CF0071CEA4 /* APIService.swift in Sources */ = {isa = PBXBuildFile; fileRef = 35EA317526F8A1CF0071CEA4 /* APIService.swift */; };
		35EA317826F8A1CF0071CEA4 /* APIService.swift in Sources */ = {isa = PBXBuildFile; fileRef = 35EA317526F8A1CF0071CEA4 /* APIService.swift */; };
		35EA317926F8A1CF0071CEA4 /* APIService.swift in Sources */ = {isa = PBXBuildFile; fileRef = 35EA317526F8A1CF0071CEA4 /* APIService.swift */; };
		35EA317D26F8A21F0071CEA4 /* APIService+Listing.swift in Sources */ = {isa = PBXBuildFile; fileRef = 35EA317C26F8A21F0071CEA4 /* APIService+Listing.swift */; };
		35EA317E26F8A21F0071CEA4 /* APIService+Listing.swift in Sources */ = {isa = PBXBuildFile; fileRef = 35EA317C26F8A21F0071CEA4 /* APIService+Listing.swift */; };
		35EA317F26F8A21F0071CEA4 /* APIService+Listing.swift in Sources */ = {isa = PBXBuildFile; fileRef = 35EA317C26F8A21F0071CEA4 /* APIService+Listing.swift */; };
		35EA318026F8A21F0071CEA4 /* APIService+Listing.swift in Sources */ = {isa = PBXBuildFile; fileRef = 35EA317C26F8A21F0071CEA4 /* APIService+Listing.swift */; };
		35EA318326F8A7BD0071CEA4 /* APIService+Categories.swift in Sources */ = {isa = PBXBuildFile; fileRef = 35EA318126F8A22C0071CEA4 /* APIService+Categories.swift */; };
		35EA318426F8A7BD0071CEA4 /* APIService+Categories.swift in Sources */ = {isa = PBXBuildFile; fileRef = 35EA318126F8A22C0071CEA4 /* APIService+Categories.swift */; };
		35EA318526F8A7BE0071CEA4 /* APIService+Categories.swift in Sources */ = {isa = PBXBuildFile; fileRef = 35EA318126F8A22C0071CEA4 /* APIService+Categories.swift */; };
		35EA318626F8A7BE0071CEA4 /* APIService+Categories.swift in Sources */ = {isa = PBXBuildFile; fileRef = 35EA318126F8A22C0071CEA4 /* APIService+Categories.swift */; };
		35EA318926F8A8F70071CEA4 /* Logger.swift in Sources */ = {isa = PBXBuildFile; fileRef = 35EA318826F8A8F70071CEA4 /* Logger.swift */; };
		35EA318A26F8A8F70071CEA4 /* Logger.swift in Sources */ = {isa = PBXBuildFile; fileRef = 35EA318826F8A8F70071CEA4 /* Logger.swift */; };
		35EA318B26F8A8F70071CEA4 /* Logger.swift in Sources */ = {isa = PBXBuildFile; fileRef = 35EA318826F8A8F70071CEA4 /* Logger.swift */; };
		35EA318C26F8A8F70071CEA4 /* Logger.swift in Sources */ = {isa = PBXBuildFile; fileRef = 35EA318826F8A8F70071CEA4 /* Logger.swift */; };
		35EA318F26F8AE5F0071CEA4 /* AdCollectionViewCell.swift in Sources */ = {isa = PBXBuildFile; fileRef = 35EA318E26F8AE5F0071CEA4 /* AdCollectionViewCell.swift */; };
		35EA319026F8AE5F0071CEA4 /* AdCollectionViewCell.swift in Sources */ = {isa = PBXBuildFile; fileRef = 35EA318E26F8AE5F0071CEA4 /* AdCollectionViewCell.swift */; };
		35EA319126F8AE5F0071CEA4 /* AdCollectionViewCell.swift in Sources */ = {isa = PBXBuildFile; fileRef = 35EA318E26F8AE5F0071CEA4 /* AdCollectionViewCell.swift */; };
		35EA319226F8AE5F0071CEA4 /* AdCollectionViewCell.swift in Sources */ = {isa = PBXBuildFile; fileRef = 35EA318E26F8AE5F0071CEA4 /* AdCollectionViewCell.swift */; };
		35EA319E26F8BAAC0071CEA4 /* OpenSans-BoldItalic.ttf in Resources */ = {isa = PBXBuildFile; fileRef = 35EA319426F8BAAC0071CEA4 /* OpenSans-BoldItalic.ttf */; };
		35EA319F26F8BAAC0071CEA4 /* OpenSans-BoldItalic.ttf in Resources */ = {isa = PBXBuildFile; fileRef = 35EA319426F8BAAC0071CEA4 /* OpenSans-BoldItalic.ttf */; };
		35EA31A026F8BAAC0071CEA4 /* OpenSans-BoldItalic.ttf in Resources */ = {isa = PBXBuildFile; fileRef = 35EA319426F8BAAC0071CEA4 /* OpenSans-BoldItalic.ttf */; };
		35EA31A126F8BAAC0071CEA4 /* OpenSans-ExtraBold.ttf in Resources */ = {isa = PBXBuildFile; fileRef = 35EA319526F8BAAC0071CEA4 /* OpenSans-ExtraBold.ttf */; };
		35EA31A226F8BAAC0071CEA4 /* OpenSans-ExtraBold.ttf in Resources */ = {isa = PBXBuildFile; fileRef = 35EA319526F8BAAC0071CEA4 /* OpenSans-ExtraBold.ttf */; };
		35EA31A326F8BAAC0071CEA4 /* OpenSans-ExtraBold.ttf in Resources */ = {isa = PBXBuildFile; fileRef = 35EA319526F8BAAC0071CEA4 /* OpenSans-ExtraBold.ttf */; };
		35EA31A426F8BAAC0071CEA4 /* OpenSans-LightItalic.ttf in Resources */ = {isa = PBXBuildFile; fileRef = 35EA319626F8BAAC0071CEA4 /* OpenSans-LightItalic.ttf */; };
		35EA31A526F8BAAC0071CEA4 /* OpenSans-LightItalic.ttf in Resources */ = {isa = PBXBuildFile; fileRef = 35EA319626F8BAAC0071CEA4 /* OpenSans-LightItalic.ttf */; };
		35EA31A626F8BAAC0071CEA4 /* OpenSans-LightItalic.ttf in Resources */ = {isa = PBXBuildFile; fileRef = 35EA319626F8BAAC0071CEA4 /* OpenSans-LightItalic.ttf */; };
		35EA31A726F8BAAD0071CEA4 /* OpenSans-SemiBold.ttf in Resources */ = {isa = PBXBuildFile; fileRef = 35EA319726F8BAAC0071CEA4 /* OpenSans-SemiBold.ttf */; };
		35EA31A826F8BAAD0071CEA4 /* OpenSans-SemiBold.ttf in Resources */ = {isa = PBXBuildFile; fileRef = 35EA319726F8BAAC0071CEA4 /* OpenSans-SemiBold.ttf */; };
		35EA31A926F8BAAD0071CEA4 /* OpenSans-SemiBold.ttf in Resources */ = {isa = PBXBuildFile; fileRef = 35EA319726F8BAAC0071CEA4 /* OpenSans-SemiBold.ttf */; };
		35EA31AA26F8BAAD0071CEA4 /* OpenSans-Regular.ttf in Resources */ = {isa = PBXBuildFile; fileRef = 35EA319826F8BAAC0071CEA4 /* OpenSans-Regular.ttf */; };
		35EA31AB26F8BAAD0071CEA4 /* OpenSans-Regular.ttf in Resources */ = {isa = PBXBuildFile; fileRef = 35EA319826F8BAAC0071CEA4 /* OpenSans-Regular.ttf */; };
		35EA31AC26F8BAAD0071CEA4 /* OpenSans-Regular.ttf in Resources */ = {isa = PBXBuildFile; fileRef = 35EA319826F8BAAC0071CEA4 /* OpenSans-Regular.ttf */; };
		35EA31AD26F8BAAD0071CEA4 /* OpenSans-SemiBoldItalic.ttf in Resources */ = {isa = PBXBuildFile; fileRef = 35EA319926F8BAAC0071CEA4 /* OpenSans-SemiBoldItalic.ttf */; };
		35EA31AE26F8BAAD0071CEA4 /* OpenSans-SemiBoldItalic.ttf in Resources */ = {isa = PBXBuildFile; fileRef = 35EA319926F8BAAC0071CEA4 /* OpenSans-SemiBoldItalic.ttf */; };
		35EA31AF26F8BAAD0071CEA4 /* OpenSans-SemiBoldItalic.ttf in Resources */ = {isa = PBXBuildFile; fileRef = 35EA319926F8BAAC0071CEA4 /* OpenSans-SemiBoldItalic.ttf */; };
		35EA31B026F8BAAD0071CEA4 /* OpenSans-Italic.ttf in Resources */ = {isa = PBXBuildFile; fileRef = 35EA319A26F8BAAC0071CEA4 /* OpenSans-Italic.ttf */; };
		35EA31B126F8BAAD0071CEA4 /* OpenSans-Italic.ttf in Resources */ = {isa = PBXBuildFile; fileRef = 35EA319A26F8BAAC0071CEA4 /* OpenSans-Italic.ttf */; };
		35EA31B226F8BAAD0071CEA4 /* OpenSans-Italic.ttf in Resources */ = {isa = PBXBuildFile; fileRef = 35EA319A26F8BAAC0071CEA4 /* OpenSans-Italic.ttf */; };
		35EA31B326F8BAAD0071CEA4 /* OpenSans-ExtraBoldItalic.ttf in Resources */ = {isa = PBXBuildFile; fileRef = 35EA319B26F8BAAC0071CEA4 /* OpenSans-ExtraBoldItalic.ttf */; };
		35EA31B426F8BAAD0071CEA4 /* OpenSans-ExtraBoldItalic.ttf in Resources */ = {isa = PBXBuildFile; fileRef = 35EA319B26F8BAAC0071CEA4 /* OpenSans-ExtraBoldItalic.ttf */; };
		35EA31B526F8BAAD0071CEA4 /* OpenSans-ExtraBoldItalic.ttf in Resources */ = {isa = PBXBuildFile; fileRef = 35EA319B26F8BAAC0071CEA4 /* OpenSans-ExtraBoldItalic.ttf */; };
		35EA31B626F8BAAD0071CEA4 /* OpenSans-Bold.ttf in Resources */ = {isa = PBXBuildFile; fileRef = 35EA319C26F8BAAC0071CEA4 /* OpenSans-Bold.ttf */; };
		35EA31B726F8BAAD0071CEA4 /* OpenSans-Bold.ttf in Resources */ = {isa = PBXBuildFile; fileRef = 35EA319C26F8BAAC0071CEA4 /* OpenSans-Bold.ttf */; };
		35EA31B826F8BAAD0071CEA4 /* OpenSans-Bold.ttf in Resources */ = {isa = PBXBuildFile; fileRef = 35EA319C26F8BAAC0071CEA4 /* OpenSans-Bold.ttf */; };
		35EA31B926F8BAAD0071CEA4 /* OpenSans-Light.ttf in Resources */ = {isa = PBXBuildFile; fileRef = 35EA319D26F8BAAC0071CEA4 /* OpenSans-Light.ttf */; };
		35EA31BA26F8BAAD0071CEA4 /* OpenSans-Light.ttf in Resources */ = {isa = PBXBuildFile; fileRef = 35EA319D26F8BAAC0071CEA4 /* OpenSans-Light.ttf */; };
		35EA31BB26F8BAAD0071CEA4 /* OpenSans-Light.ttf in Resources */ = {isa = PBXBuildFile; fileRef = 35EA319D26F8BAAC0071CEA4 /* OpenSans-Light.ttf */; };
		35EA31BD26F8C2DA0071CEA4 /* Router.swift in Sources */ = {isa = PBXBuildFile; fileRef = 35EA31BC26F8C2DA0071CEA4 /* Router.swift */; };
		35EA31BE26F8C2DA0071CEA4 /* Router.swift in Sources */ = {isa = PBXBuildFile; fileRef = 35EA31BC26F8C2DA0071CEA4 /* Router.swift */; };
		35EA31BF26F8C2DA0071CEA4 /* Router.swift in Sources */ = {isa = PBXBuildFile; fileRef = 35EA31BC26F8C2DA0071CEA4 /* Router.swift */; };
		35EA31C126F8D6CC0071CEA4 /* UIStackView+Extensions.swift in Sources */ = {isa = PBXBuildFile; fileRef = 35EA31C026F8D6CC0071CEA4 /* UIStackView+Extensions.swift */; };
		35EA31C226F8D6CC0071CEA4 /* UIStackView+Extensions.swift in Sources */ = {isa = PBXBuildFile; fileRef = 35EA31C026F8D6CC0071CEA4 /* UIStackView+Extensions.swift */; };
		35EA31C326F8D6CC0071CEA4 /* UIStackView+Extensions.swift in Sources */ = {isa = PBXBuildFile; fileRef = 35EA31C026F8D6CC0071CEA4 /* UIStackView+Extensions.swift */; };
		35EA31C526F8DD5B0071CEA4 /* UIImageView+Extensions.swift in Sources */ = {isa = PBXBuildFile; fileRef = 35EA31C426F8DD5B0071CEA4 /* UIImageView+Extensions.swift */; };
		35EA31C626F8DD5B0071CEA4 /* UIImageView+Extensions.swift in Sources */ = {isa = PBXBuildFile; fileRef = 35EA31C426F8DD5B0071CEA4 /* UIImageView+Extensions.swift */; };
		35EA31C726F8DD5B0071CEA4 /* UIImageView+Extensions.swift in Sources */ = {isa = PBXBuildFile; fileRef = 35EA31C426F8DD5B0071CEA4 /* UIImageView+Extensions.swift */; };
/* End PBXBuildFile section */

/* Begin PBXContainerItemProxy section */
		354379F426F8955900089A98 /* PBXContainerItemProxy */ = {
			isa = PBXContainerItemProxy;
			containerPortal = 354379D526F8955700089A98 /* Project object */;
			proxyType = 1;
			remoteGlobalIDString = 354379DC26F8955700089A98;
			remoteInfo = "Leboncoin Technical Test";
		};
		354379FF26F8955900089A98 /* PBXContainerItemProxy */ = {
			isa = PBXContainerItemProxy;
			containerPortal = 354379D526F8955700089A98 /* Project object */;
			proxyType = 1;
			remoteGlobalIDString = 354379DC26F8955700089A98;
			remoteInfo = "Leboncoin Technical Test";
		};
		359FD6A126FA4FE3006B2414 /* PBXContainerItemProxy */ = {
			isa = PBXContainerItemProxy;
			containerPortal = 354379D526F8955700089A98 /* Project object */;
			proxyType = 1;
			remoteGlobalIDString = 35437A1526F8999800089A98;
			remoteInfo = REC;
		};
		359FD6A326FA5011006B2414 /* PBXContainerItemProxy */ = {
			isa = PBXContainerItemProxy;
			containerPortal = 354379D526F8955700089A98 /* Project object */;
			proxyType = 1;
			remoteGlobalIDString = 35437A1526F8999800089A98;
			remoteInfo = REC;
		};
/* End PBXContainerItemProxy section */

/* Begin PBXFileReference section */
		354379DD26F8955700089A98 /* DEV.app */ = {isa = PBXFileReference; explicitFileType = wrapper.application; includeInIndex = 0; path = DEV.app; sourceTree = BUILT_PRODUCTS_DIR; };
		354379E026F8955700089A98 /* AppDelegate.swift */ = {isa = PBXFileReference; lastKnownFileType = sourcecode.swift; path = AppDelegate.swift; sourceTree = "<group>"; };
		354379E926F8955900089A98 /* Assets.xcassets */ = {isa = PBXFileReference; lastKnownFileType = folder.assetcatalog; path = Assets.xcassets; sourceTree = "<group>"; };
		354379EC26F8955900089A98 /* Base */ = {isa = PBXFileReference; lastKnownFileType = file.storyboard; name = Base; path = Base.lproj/LaunchScreen.storyboard; sourceTree = "<group>"; };
		354379EE26F8955900089A98 /* DEV.plist */ = {isa = PBXFileReference; lastKnownFileType = text.plist.xml; path = DEV.plist; sourceTree = "<group>"; };
		354379F326F8955900089A98 /* Leboncoin Technical TestTests.xctest */ = {isa = PBXFileReference; explicitFileType = wrapper.cfbundle; includeInIndex = 0; path = "Leboncoin Technical TestTests.xctest"; sourceTree = BUILT_PRODUCTS_DIR; };
		354379F926F8955900089A98 /* Info.plist */ = {isa = PBXFileReference; lastKnownFileType = text.plist.xml; path = Info.plist; sourceTree = "<group>"; };
		354379FE26F8955900089A98 /* Leboncoin Technical TestUITests.xctest */ = {isa = PBXFileReference; explicitFileType = wrapper.cfbundle; includeInIndex = 0; path = "Leboncoin Technical TestUITests.xctest"; sourceTree = BUILT_PRODUCTS_DIR; };
		35437A0426F8955900089A98 /* Info.plist */ = {isa = PBXFileReference; lastKnownFileType = text.plist.xml; path = Info.plist; sourceTree = "<group>"; };
		35437A2226F8999800089A98 /* REC.app */ = {isa = PBXFileReference; explicitFileType = wrapper.application; includeInIndex = 0; path = REC.app; sourceTree = BUILT_PRODUCTS_DIR; };
		35437A3026F8999F00089A98 /* PROD.app */ = {isa = PBXFileReference; explicitFileType = wrapper.application; includeInIndex = 0; path = PROD.app; sourceTree = BUILT_PRODUCTS_DIR; };
		35437A3126F89A5D00089A98 /* PROD.plist */ = {isa = PBXFileReference; lastKnownFileType = text.plist.xml; path = PROD.plist; sourceTree = "<group>"; };
		35437A3226F89A5D00089A98 /* REC.plist */ = {isa = PBXFileReference; lastKnownFileType = text.plist.xml; path = REC.plist; sourceTree = "<group>"; };
		359FD68726FA2030006B2414 /* CategoryPickerViewController.swift */ = {isa = PBXFileReference; lastKnownFileType = sourcecode.swift; path = CategoryPickerViewController.swift; sourceTree = "<group>"; };
		359FD68B26FA2335006B2414 /* CategoryTableViewCell.swift */ = {isa = PBXFileReference; lastKnownFileType = sourcecode.swift; path = CategoryTableViewCell.swift; sourceTree = "<group>"; };
		359FD68F26FA38A7006B2414 /* AdTests.swift */ = {isa = PBXFileReference; lastKnownFileType = sourcecode.swift; path = AdTests.swift; sourceTree = "<group>"; };
		359FD69326FA412E006B2414 /* AdsTests.swift */ = {isa = PBXFileReference; lastKnownFileType = sourcecode.swift; path = AdsTests.swift; sourceTree = "<group>"; };
		359FD69526FA44B9006B2414 /* CategoryTests.swift */ = {isa = PBXFileReference; lastKnownFileType = sourcecode.swift; path = CategoryTests.swift; sourceTree = "<group>"; };
		359FD69726FA4533006B2414 /* APIServiceTests.swift */ = {isa = PBXFileReference; lastKnownFileType = sourcecode.swift; path = APIServiceTests.swift; sourceTree = "<group>"; };
		359FD69926FA47F9006B2414 /* ExtensionsTests.swift */ = {isa = PBXFileReference; lastKnownFileType = sourcecode.swift; path = ExtensionsTests.swift; sourceTree = "<group>"; };
		359FD69B26FA49F3006B2414 /* CategoryTableViewCellTests.swift */ = {isa = PBXFileReference; lastKnownFileType = sourcecode.swift; path = CategoryTableViewCellTests.swift; sourceTree = "<group>"; };
		359FD69D26FA4B4E006B2414 /* ConfigTests.swift */ = {isa = PBXFileReference; lastKnownFileType = sourcecode.swift; path = ConfigTests.swift; sourceTree = "<group>"; };
		359FD69F26FA4C6F006B2414 /* CategoryPickerViewControllerTests.swift */ = {isa = PBXFileReference; lastKnownFileType = sourcecode.swift; path = CategoryPickerViewControllerTests.swift; sourceTree = "<group>"; };
		359FD6A526FA50B0006B2414 /* AdCollectionViewCellTests.swift */ = {isa = PBXFileReference; lastKnownFileType = sourcecode.swift; path = AdCollectionViewCellTests.swift; sourceTree = "<group>"; };
		35B6DBD826FA7F1900DAFBD5 /* LaunchUITests.swift */ = {isa = PBXFileReference; lastKnownFileType = sourcecode.swift; path = LaunchUITests.swift; sourceTree = "<group>"; };
		35B6DBDB26FA828000DAFBD5 /* UITestsExtensions.swift */ = {isa = PBXFileReference; lastKnownFileType = sourcecode.swift; path = UITestsExtensions.swift; sourceTree = "<group>"; };
		35B6DBDD26FA84FF00DAFBD5 /* ListUITests.swift */ = {isa = PBXFileReference; lastKnownFileType = sourcecode.swift; path = ListUITests.swift; sourceTree = "<group>"; };
		35EA314A26F89B5D0071CEA4 /* BaseViewController.swift */ = {isa = PBXFileReference; lastKnownFileType = sourcecode.swift; path = BaseViewController.swift; sourceTree = "<group>"; };
		35EA314F26F89D530071CEA4 /* LaunchViewController.swift */ = {isa = PBXFileReference; lastKnownFileType = sourcecode.swift; path = LaunchViewController.swift; sourceTree = "<group>"; };
		35EA315326F89D6F0071CEA4 /* ListViewController.swift */ = {isa = PBXFileReference; lastKnownFileType = sourcecode.swift; path = ListViewController.swift; sourceTree = "<group>"; };
		35EA315726F89D760071CEA4 /* DetailViewController.swift */ = {isa = PBXFileReference; lastKnownFileType = sourcecode.swift; path = DetailViewController.swift; sourceTree = "<group>"; };
		35EA315B26F89DD20071CEA4 /* Ad.swift */ = {isa = PBXFileReference; lastKnownFileType = sourcecode.swift; path = Ad.swift; sourceTree = "<group>"; };
		35EA316026F89DE30071CEA4 /* Category.swift */ = {isa = PBXFileReference; lastKnownFileType = sourcecode.swift; path = Category.swift; sourceTree = "<group>"; };
		35EA316526F89E460071CEA4 /* ImageUrl.swift */ = {isa = PBXFileReference; lastKnownFileType = sourcecode.swift; path = ImageUrl.swift; sourceTree = "<group>"; };
		35EA316B26F89FA50071CEA4 /* Config.swift */ = {isa = PBXFileReference; lastKnownFileType = sourcecode.swift; path = Config.swift; sourceTree = "<group>"; };
		35EA317026F89FAC0071CEA4 /* Constants.swift */ = {isa = PBXFileReference; lastKnownFileType = sourcecode.swift; path = Constants.swift; sourceTree = "<group>"; };
		35EA317526F8A1CF0071CEA4 /* APIService.swift */ = {isa = PBXFileReference; lastKnownFileType = sourcecode.swift; path = APIService.swift; sourceTree = "<group>"; };
		35EA317C26F8A21F0071CEA4 /* APIService+Listing.swift */ = {isa = PBXFileReference; lastKnownFileType = sourcecode.swift; path = "APIService+Listing.swift"; sourceTree = "<group>"; };
		35EA318126F8A22C0071CEA4 /* APIService+Categories.swift */ = {isa = PBXFileReference; lastKnownFileType = sourcecode.swift; path = "APIService+Categories.swift"; sourceTree = "<group>"; };
		35EA318826F8A8F70071CEA4 /* Logger.swift */ = {isa = PBXFileReference; lastKnownFileType = sourcecode.swift; path = Logger.swift; sourceTree = "<group>"; };
		35EA318E26F8AE5F0071CEA4 /* AdCollectionViewCell.swift */ = {isa = PBXFileReference; lastKnownFileType = sourcecode.swift; path = AdCollectionViewCell.swift; sourceTree = "<group>"; };
		35EA319426F8BAAC0071CEA4 /* OpenSans-BoldItalic.ttf */ = {isa = PBXFileReference; lastKnownFileType = file; path = "OpenSans-BoldItalic.ttf"; sourceTree = "<group>"; };
		35EA319526F8BAAC0071CEA4 /* OpenSans-ExtraBold.ttf */ = {isa = PBXFileReference; lastKnownFileType = file; path = "OpenSans-ExtraBold.ttf"; sourceTree = "<group>"; };
		35EA319626F8BAAC0071CEA4 /* OpenSans-LightItalic.ttf */ = {isa = PBXFileReference; lastKnownFileType = file; path = "OpenSans-LightItalic.ttf"; sourceTree = "<group>"; };
		35EA319726F8BAAC0071CEA4 /* OpenSans-SemiBold.ttf */ = {isa = PBXFileReference; lastKnownFileType = file; path = "OpenSans-SemiBold.ttf"; sourceTree = "<group>"; };
		35EA319826F8BAAC0071CEA4 /* OpenSans-Regular.ttf */ = {isa = PBXFileReference; lastKnownFileType = file; path = "OpenSans-Regular.ttf"; sourceTree = "<group>"; };
		35EA319926F8BAAC0071CEA4 /* OpenSans-SemiBoldItalic.ttf */ = {isa = PBXFileReference; lastKnownFileType = file; path = "OpenSans-SemiBoldItalic.ttf"; sourceTree = "<group>"; };
		35EA319A26F8BAAC0071CEA4 /* OpenSans-Italic.ttf */ = {isa = PBXFileReference; lastKnownFileType = file; path = "OpenSans-Italic.ttf"; sourceTree = "<group>"; };
		35EA319B26F8BAAC0071CEA4 /* OpenSans-ExtraBoldItalic.ttf */ = {isa = PBXFileReference; lastKnownFileType = file; path = "OpenSans-ExtraBoldItalic.ttf"; sourceTree = "<group>"; };
		35EA319C26F8BAAC0071CEA4 /* OpenSans-Bold.ttf */ = {isa = PBXFileReference; lastKnownFileType = file; path = "OpenSans-Bold.ttf"; sourceTree = "<group>"; };
		35EA319D26F8BAAC0071CEA4 /* OpenSans-Light.ttf */ = {isa = PBXFileReference; lastKnownFileType = file; path = "OpenSans-Light.ttf"; sourceTree = "<group>"; };
		35EA31BC26F8C2DA0071CEA4 /* Router.swift */ = {isa = PBXFileReference; lastKnownFileType = sourcecode.swift; path = Router.swift; sourceTree = "<group>"; };
		35EA31C026F8D6CC0071CEA4 /* UIStackView+Extensions.swift */ = {isa = PBXFileReference; lastKnownFileType = sourcecode.swift; path = "UIStackView+Extensions.swift"; sourceTree = "<group>"; };
		35EA31C426F8DD5B0071CEA4 /* UIImageView+Extensions.swift */ = {isa = PBXFileReference; lastKnownFileType = sourcecode.swift; path = "UIImageView+Extensions.swift"; sourceTree = "<group>"; };
/* End PBXFileReference section */

/* Begin PBXFrameworksBuildPhase section */
		354379DA26F8955700089A98 /* Frameworks */ = {
			isa = PBXFrameworksBuildPhase;
			buildActionMask = 2147483647;
			files = (
			);
			runOnlyForDeploymentPostprocessing = 0;
		};
		354379F026F8955900089A98 /* Frameworks */ = {
			isa = PBXFrameworksBuildPhase;
			buildActionMask = 2147483647;
			files = (
			);
			runOnlyForDeploymentPostprocessing = 0;
		};
		354379FB26F8955900089A98 /* Frameworks */ = {
			isa = PBXFrameworksBuildPhase;
			buildActionMask = 2147483647;
			files = (
			);
			runOnlyForDeploymentPostprocessing = 0;
		};
		35437A1A26F8999800089A98 /* Frameworks */ = {
			isa = PBXFrameworksBuildPhase;
			buildActionMask = 2147483647;
			files = (
			);
			runOnlyForDeploymentPostprocessing = 0;
		};
		35437A2826F8999F00089A98 /* Frameworks */ = {
			isa = PBXFrameworksBuildPhase;
			buildActionMask = 2147483647;
			files = (
			);
			runOnlyForDeploymentPostprocessing = 0;
		};
/* End PBXFrameworksBuildPhase section */

/* Begin PBXGroup section */
		354379D426F8955700089A98 = {
			isa = PBXGroup;
			children = (
				354379DF26F8955700089A98 /* Leboncoin Technical Test */,
				354379F626F8955900089A98 /* Leboncoin Technical TestTests */,
				35437A0126F8955900089A98 /* Leboncoin Technical TestUITests */,
				354379DE26F8955700089A98 /* Products */,
			);
			sourceTree = "<group>";
		};
		354379DE26F8955700089A98 /* Products */ = {
			isa = PBXGroup;
			children = (
				354379DD26F8955700089A98 /* DEV.app */,
				354379F326F8955900089A98 /* Leboncoin Technical TestTests.xctest */,
				354379FE26F8955900089A98 /* Leboncoin Technical TestUITests.xctest */,
				35437A2226F8999800089A98 /* REC.app */,
				35437A3026F8999F00089A98 /* PROD.app */,
			);
			name = Products;
			sourceTree = "<group>";
		};
		354379DF26F8955700089A98 /* Leboncoin Technical Test */ = {
			isa = PBXGroup;
			children = (
				35EA318726F8A8E60071CEA4 /* Utils */,
				35EA316A26F89F980071CEA4 /* Constants */,
				35437A1126F8992300089A98 /* Contexts */,
				35437A1226F8992800089A98 /* ViewControllers */,
				35437A1326F8992E00089A98 /* Model */,
				35437A1026F8991E00089A98 /* APIService */,
				35437A1426F8996A00089A98 /* Supporting Files */,
				35EA318226F8A2570071CEA4 /* Assets */,
			);
			path = "Leboncoin Technical Test";
			sourceTree = "<group>";
		};
		354379F626F8955900089A98 /* Leboncoin Technical TestTests */ = {
			isa = PBXGroup;
			children = (
				359FD68F26FA38A7006B2414 /* AdTests.swift */,
				359FD69326FA412E006B2414 /* AdsTests.swift */,
				359FD69526FA44B9006B2414 /* CategoryTests.swift */,
				359FD69726FA4533006B2414 /* APIServiceTests.swift */,
				359FD69926FA47F9006B2414 /* ExtensionsTests.swift */,
				359FD69B26FA49F3006B2414 /* CategoryTableViewCellTests.swift */,
				359FD6A526FA50B0006B2414 /* AdCollectionViewCellTests.swift */,
				359FD69D26FA4B4E006B2414 /* ConfigTests.swift */,
				359FD69F26FA4C6F006B2414 /* CategoryPickerViewControllerTests.swift */,
				354379F926F8955900089A98 /* Info.plist */,
			);
			path = "Leboncoin Technical TestTests";
			sourceTree = "<group>";
		};
		35437A0126F8955900089A98 /* Leboncoin Technical TestUITests */ = {
			isa = PBXGroup;
			children = (
				35B6DBDA26FA826C00DAFBD5 /* Extensions */,
				35B6DBD826FA7F1900DAFBD5 /* LaunchUITests.swift */,
				35B6DBDD26FA84FF00DAFBD5 /* ListUITests.swift */,
				35437A0426F8955900089A98 /* Info.plist */,
			);
			path = "Leboncoin Technical TestUITests";
			sourceTree = "<group>";
		};
		35437A1026F8991E00089A98 /* APIService */ = {
			isa = PBXGroup;
			children = (
				35EA317B26F8A1FC0071CEA4 /* Categories */,
				35EA317A26F8A1F80071CEA4 /* Listing */,
				35EA317526F8A1CF0071CEA4 /* APIService.swift */,
			);
			path = APIService;
			sourceTree = "<group>";
		};
		35437A1126F8992300089A98 /* Contexts */ = {
			isa = PBXGroup;
			children = (
			);
			path = Contexts;
			sourceTree = "<group>";
		};
		35437A1226F8992800089A98 /* ViewControllers */ = {
			isa = PBXGroup;
			children = (
				354379E026F8955700089A98 /* AppDelegate.swift */,
				35EA314926F89B470071CEA4 /* Common */,
				35EA314626F89AC30071CEA4 /* Launch */,
				35EA314726F89ACB0071CEA4 /* List */,
				35EA314826F89ADE0071CEA4 /* Detail */,
			);
			path = ViewControllers;
			sourceTree = "<group>";
		};
		35437A1326F8992E00089A98 /* Model */ = {
			isa = PBXGroup;
			children = (
				35EA315B26F89DD20071CEA4 /* Ad.swift */,
				35EA316526F89E460071CEA4 /* ImageUrl.swift */,
				35EA316026F89DE30071CEA4 /* Category.swift */,
			);
			path = Model;
			sourceTree = "<group>";
		};
		35437A1426F8996A00089A98 /* Supporting Files */ = {
			isa = PBXGroup;
			children = (
				354379EE26F8955900089A98 /* DEV.plist */,
				35437A3226F89A5D00089A98 /* REC.plist */,
				35437A3126F89A5D00089A98 /* PROD.plist */,
			);
			path = "Supporting Files";
			sourceTree = "<group>";
		};
		35B6DBDA26FA826C00DAFBD5 /* Extensions */ = {
			isa = PBXGroup;
			children = (
				35B6DBDB26FA828000DAFBD5 /* UITestsExtensions.swift */,
			);
			path = Extensions;
			sourceTree = "<group>";
		};
		35EA314626F89AC30071CEA4 /* Launch */ = {
			isa = PBXGroup;
			children = (
				354379EB26F8955900089A98 /* LaunchScreen.storyboard */,
				35EA314F26F89D530071CEA4 /* LaunchViewController.swift */,
			);
			path = Launch;
			sourceTree = "<group>";
		};
		35EA314726F89ACB0071CEA4 /* List */ = {
			isa = PBXGroup;
			children = (
				35EA318D26F8AE480071CEA4 /* Cells */,
				35EA315326F89D6F0071CEA4 /* ListViewController.swift */,
				359FD68726FA2030006B2414 /* CategoryPickerViewController.swift */,
			);
			path = List;
			sourceTree = "<group>";
		};
		35EA314826F89ADE0071CEA4 /* Detail */ = {
			isa = PBXGroup;
			children = (
				35EA315726F89D760071CEA4 /* DetailViewController.swift */,
			);
			path = Detail;
			sourceTree = "<group>";
		};
		35EA314926F89B470071CEA4 /* Common */ = {
			isa = PBXGroup;
			children = (
				35EA314A26F89B5D0071CEA4 /* BaseViewController.swift */,
			);
			path = Common;
			sourceTree = "<group>";
		};
		35EA314E26F89D380071CEA4 /* Extensions */ = {
			isa = PBXGroup;
			children = (
				35EA31C026F8D6CC0071CEA4 /* UIStackView+Extensions.swift */,
				35EA31C426F8DD5B0071CEA4 /* UIImageView+Extensions.swift */,
			);
			path = Extensions;
			sourceTree = "<group>";
		};
		35EA316A26F89F980071CEA4 /* Constants */ = {
			isa = PBXGroup;
			children = (
				35EA316B26F89FA50071CEA4 /* Config.swift */,
				35EA317026F89FAC0071CEA4 /* Constants.swift */,
			);
			path = Constants;
			sourceTree = "<group>";
		};
		35EA317A26F8A1F80071CEA4 /* Listing */ = {
			isa = PBXGroup;
			children = (
				35EA317C26F8A21F0071CEA4 /* APIService+Listing.swift */,
			);
			path = Listing;
			sourceTree = "<group>";
		};
		35EA317B26F8A1FC0071CEA4 /* Categories */ = {
			isa = PBXGroup;
			children = (
				35EA318126F8A22C0071CEA4 /* APIService+Categories.swift */,
			);
			path = Categories;
			sourceTree = "<group>";
		};
		35EA318226F8A2570071CEA4 /* Assets */ = {
			isa = PBXGroup;
			children = (
				35EA319326F8BAA00071CEA4 /* Fonts */,
				354379E926F8955900089A98 /* Assets.xcassets */,
			);
			path = Assets;
			sourceTree = "<group>";
		};
		35EA318726F8A8E60071CEA4 /* Utils */ = {
			isa = PBXGroup;
			children = (
				35EA314E26F89D380071CEA4 /* Extensions */,
				35EA318826F8A8F70071CEA4 /* Logger.swift */,
				35EA31BC26F8C2DA0071CEA4 /* Router.swift */,
			);
			path = Utils;
			sourceTree = "<group>";
		};
		35EA318D26F8AE480071CEA4 /* Cells */ = {
			isa = PBXGroup;
			children = (
				35EA318E26F8AE5F0071CEA4 /* AdCollectionViewCell.swift */,
				359FD68B26FA2335006B2414 /* CategoryTableViewCell.swift */,
			);
			path = Cells;
			sourceTree = "<group>";
		};
		35EA319326F8BAA00071CEA4 /* Fonts */ = {
			isa = PBXGroup;
			children = (
				35EA319C26F8BAAC0071CEA4 /* OpenSans-Bold.ttf */,
				35EA319426F8BAAC0071CEA4 /* OpenSans-BoldItalic.ttf */,
				35EA319526F8BAAC0071CEA4 /* OpenSans-ExtraBold.ttf */,
				35EA319B26F8BAAC0071CEA4 /* OpenSans-ExtraBoldItalic.ttf */,
				35EA319A26F8BAAC0071CEA4 /* OpenSans-Italic.ttf */,
				35EA319D26F8BAAC0071CEA4 /* OpenSans-Light.ttf */,
				35EA319626F8BAAC0071CEA4 /* OpenSans-LightItalic.ttf */,
				35EA319826F8BAAC0071CEA4 /* OpenSans-Regular.ttf */,
				35EA319726F8BAAC0071CEA4 /* OpenSans-SemiBold.ttf */,
				35EA319926F8BAAC0071CEA4 /* OpenSans-SemiBoldItalic.ttf */,
			);
			path = Fonts;
			sourceTree = "<group>";
		};
/* End PBXGroup section */

/* Begin PBXNativeTarget section */
		354379DC26F8955700089A98 /* DEV */ = {
			isa = PBXNativeTarget;
			buildConfigurationList = 35437A0726F8955900089A98 /* Build configuration list for PBXNativeTarget "DEV" */;
			buildPhases = (
				354379D926F8955700089A98 /* Sources */,
				354379DA26F8955700089A98 /* Frameworks */,
				354379DB26F8955700089A98 /* Resources */,
			);
			buildRules = (
			);
			dependencies = (
			);
			name = DEV;
			productName = "Leboncoin Technical Test";
			productReference = 354379DD26F8955700089A98 /* DEV.app */;
			productType = "com.apple.product-type.application";
		};
		354379F226F8955900089A98 /* Leboncoin Technical TestTests */ = {
			isa = PBXNativeTarget;
			buildConfigurationList = 35437A0A26F8955900089A98 /* Build configuration list for PBXNativeTarget "Leboncoin Technical TestTests" */;
			buildPhases = (
				354379EF26F8955900089A98 /* Sources */,
				354379F026F8955900089A98 /* Frameworks */,
				354379F126F8955900089A98 /* Resources */,
			);
			buildRules = (
			);
			dependencies = (
				354379F526F8955900089A98 /* PBXTargetDependency */,
				359FD6A226FA4FE3006B2414 /* PBXTargetDependency */,
			);
			name = "Leboncoin Technical TestTests";
			productName = "Leboncoin Technical TestTests";
			productReference = 354379F326F8955900089A98 /* Leboncoin Technical TestTests.xctest */;
			productType = "com.apple.product-type.bundle.unit-test";
		};
		354379FD26F8955900089A98 /* Leboncoin Technical TestUITests */ = {
			isa = PBXNativeTarget;
			buildConfigurationList = 35437A0D26F8955900089A98 /* Build configuration list for PBXNativeTarget "Leboncoin Technical TestUITests" */;
			buildPhases = (
				354379FA26F8955900089A98 /* Sources */,
				354379FB26F8955900089A98 /* Frameworks */,
				354379FC26F8955900089A98 /* Resources */,
			);
			buildRules = (
			);
			dependencies = (
				35437A0026F8955900089A98 /* PBXTargetDependency */,
				359FD6A426FA5011006B2414 /* PBXTargetDependency */,
			);
			name = "Leboncoin Technical TestUITests";
			productName = "Leboncoin Technical TestUITests";
			productReference = 354379FE26F8955900089A98 /* Leboncoin Technical TestUITests.xctest */;
			productType = "com.apple.product-type.bundle.ui-testing";
		};
		35437A1526F8999800089A98 /* REC */ = {
			isa = PBXNativeTarget;
			buildConfigurationList = 35437A1F26F8999800089A98 /* Build configuration list for PBXNativeTarget "REC" */;
			buildPhases = (
				35437A1626F8999800089A98 /* Sources */,
				35437A1A26F8999800089A98 /* Frameworks */,
				35437A1B26F8999800089A98 /* Resources */,
			);
			buildRules = (
			);
			dependencies = (
			);
			name = REC;
			productName = "Leboncoin Technical Test";
			productReference = 35437A2226F8999800089A98 /* REC.app */;
			productType = "com.apple.product-type.application";
		};
		35437A2326F8999F00089A98 /* PROD */ = {
			isa = PBXNativeTarget;
			buildConfigurationList = 35437A2D26F8999F00089A98 /* Build configuration list for PBXNativeTarget "PROD" */;
			buildPhases = (
				35437A2426F8999F00089A98 /* Sources */,
				35437A2826F8999F00089A98 /* Frameworks */,
				35437A2926F8999F00089A98 /* Resources */,
			);
			buildRules = (
			);
			dependencies = (
			);
			name = PROD;
			productName = "Leboncoin Technical Test";
			productReference = 35437A3026F8999F00089A98 /* PROD.app */;
			productType = "com.apple.product-type.application";
		};
/* End PBXNativeTarget section */

/* Begin PBXProject section */
		354379D526F8955700089A98 /* Project object */ = {
			isa = PBXProject;
			attributes = {
				LastSwiftUpdateCheck = 1250;
				LastUpgradeCheck = 1250;
				TargetAttributes = {
					354379DC26F8955700089A98 = {
						CreatedOnToolsVersion = 12.5.1;
					};
					354379F226F8955900089A98 = {
						CreatedOnToolsVersion = 12.5.1;
						TestTargetID = 354379DC26F8955700089A98;
					};
					354379FD26F8955900089A98 = {
						CreatedOnToolsVersion = 12.5.1;
						TestTargetID = 354379DC26F8955700089A98;
					};
				};
			};
			buildConfigurationList = 354379D826F8955700089A98 /* Build configuration list for PBXProject "Leboncoin Technical Test" */;
			compatibilityVersion = "Xcode 9.3";
			developmentRegion = en;
			hasScannedForEncodings = 0;
			knownRegions = (
				en,
				Base,
			);
			mainGroup = 354379D426F8955700089A98;
			productRefGroup = 354379DE26F8955700089A98 /* Products */;
			projectDirPath = "";
			projectRoot = "";
			targets = (
				354379DC26F8955700089A98 /* DEV */,
				35437A1526F8999800089A98 /* REC */,
				35437A2326F8999F00089A98 /* PROD */,
				354379F226F8955900089A98 /* Leboncoin Technical TestTests */,
				354379FD26F8955900089A98 /* Leboncoin Technical TestUITests */,
			);
		};
/* End PBXProject section */

/* Begin PBXResourcesBuildPhase section */
		354379DB26F8955700089A98 /* Resources */ = {
			isa = PBXResourcesBuildPhase;
			buildActionMask = 2147483647;
			files = (
				35EA31B926F8BAAD0071CEA4 /* OpenSans-Light.ttf in Resources */,
				35EA31AD26F8BAAD0071CEA4 /* OpenSans-SemiBoldItalic.ttf in Resources */,
				354379ED26F8955900089A98 /* LaunchScreen.storyboard in Resources */,
				35EA31B626F8BAAD0071CEA4 /* OpenSans-Bold.ttf in Resources */,
				354379EA26F8955900089A98 /* Assets.xcassets in Resources */,
				35EA31B026F8BAAD0071CEA4 /* OpenSans-Italic.ttf in Resources */,
				35EA31A726F8BAAD0071CEA4 /* OpenSans-SemiBold.ttf in Resources */,
				35EA31A426F8BAAC0071CEA4 /* OpenSans-LightItalic.ttf in Resources */,
				35EA319E26F8BAAC0071CEA4 /* OpenSans-BoldItalic.ttf in Resources */,
				35EA31AA26F8BAAD0071CEA4 /* OpenSans-Regular.ttf in Resources */,
				35EA31B326F8BAAD0071CEA4 /* OpenSans-ExtraBoldItalic.ttf in Resources */,
				35EA31A126F8BAAC0071CEA4 /* OpenSans-ExtraBold.ttf in Resources */,
			);
			runOnlyForDeploymentPostprocessing = 0;
		};
		354379F126F8955900089A98 /* Resources */ = {
			isa = PBXResourcesBuildPhase;
			buildActionMask = 2147483647;
			files = (
			);
			runOnlyForDeploymentPostprocessing = 0;
		};
		354379FC26F8955900089A98 /* Resources */ = {
			isa = PBXResourcesBuildPhase;
			buildActionMask = 2147483647;
			files = (
			);
			runOnlyForDeploymentPostprocessing = 0;
		};
		35437A1B26F8999800089A98 /* Resources */ = {
			isa = PBXResourcesBuildPhase;
			buildActionMask = 2147483647;
			files = (
				35EA31BA26F8BAAD0071CEA4 /* OpenSans-Light.ttf in Resources */,
				35EA31AE26F8BAAD0071CEA4 /* OpenSans-SemiBoldItalic.ttf in Resources */,
				35437A1C26F8999800089A98 /* LaunchScreen.storyboard in Resources */,
				35EA31B726F8BAAD0071CEA4 /* OpenSans-Bold.ttf in Resources */,
				35EA31B126F8BAAD0071CEA4 /* OpenSans-Italic.ttf in Resources */,
				35EA31A826F8BAAD0071CEA4 /* OpenSans-SemiBold.ttf in Resources */,
				35EA31A526F8BAAC0071CEA4 /* OpenSans-LightItalic.ttf in Resources */,
				35EA319F26F8BAAC0071CEA4 /* OpenSans-BoldItalic.ttf in Resources */,
				35437A1D26F8999800089A98 /* Assets.xcassets in Resources */,
				35EA31AB26F8BAAD0071CEA4 /* OpenSans-Regular.ttf in Resources */,
				35EA31B426F8BAAD0071CEA4 /* OpenSans-ExtraBoldItalic.ttf in Resources */,
				35EA31A226F8BAAC0071CEA4 /* OpenSans-ExtraBold.ttf in Resources */,
			);
			runOnlyForDeploymentPostprocessing = 0;
		};
		35437A2926F8999F00089A98 /* Resources */ = {
			isa = PBXResourcesBuildPhase;
			buildActionMask = 2147483647;
			files = (
				35EA31BB26F8BAAD0071CEA4 /* OpenSans-Light.ttf in Resources */,
				35EA31AF26F8BAAD0071CEA4 /* OpenSans-SemiBoldItalic.ttf in Resources */,
				35437A2A26F8999F00089A98 /* LaunchScreen.storyboard in Resources */,
				35EA31B826F8BAAD0071CEA4 /* OpenSans-Bold.ttf in Resources */,
				35EA31B226F8BAAD0071CEA4 /* OpenSans-Italic.ttf in Resources */,
				35EA31A926F8BAAD0071CEA4 /* OpenSans-SemiBold.ttf in Resources */,
				35EA31A626F8BAAC0071CEA4 /* OpenSans-LightItalic.ttf in Resources */,
				35EA31A026F8BAAC0071CEA4 /* OpenSans-BoldItalic.ttf in Resources */,
				35437A2B26F8999F00089A98 /* Assets.xcassets in Resources */,
				35EA31AC26F8BAAD0071CEA4 /* OpenSans-Regular.ttf in Resources */,
				35EA31B526F8BAAD0071CEA4 /* OpenSans-ExtraBoldItalic.ttf in Resources */,
				35EA31A326F8BAAC0071CEA4 /* OpenSans-ExtraBold.ttf in Resources */,
			);
			runOnlyForDeploymentPostprocessing = 0;
		};
/* End PBXResourcesBuildPhase section */

/* Begin PBXSourcesBuildPhase section */
		354379D926F8955700089A98 /* Sources */ = {
			isa = PBXSourcesBuildPhase;
			buildActionMask = 2147483647;
			files = (
				35EA317126F89FAC0071CEA4 /* Constants.swift in Sources */,
				354379E126F8955700089A98 /* AppDelegate.swift in Sources */,
				35EA318326F8A7BD0071CEA4 /* APIService+Categories.swift in Sources */,
				35EA315C26F89DD20071CEA4 /* Ad.swift in Sources */,
				359FD68826FA2030006B2414 /* CategoryPickerViewController.swift in Sources */,
				35EA314B26F89B5D0071CEA4 /* BaseViewController.swift in Sources */,
				35EA315826F89D760071CEA4 /* DetailViewController.swift in Sources */,
				35EA317D26F8A21F0071CEA4 /* APIService+Listing.swift in Sources */,
				35EA31C126F8D6CC0071CEA4 /* UIStackView+Extensions.swift in Sources */,
				35EA315426F89D6F0071CEA4 /* ListViewController.swift in Sources */,
				35EA31BD26F8C2DA0071CEA4 /* Router.swift in Sources */,
				35EA316626F89E460071CEA4 /* ImageUrl.swift in Sources */,
				35EA316C26F89FA50071CEA4 /* Config.swift in Sources */,
				35EA31C526F8DD5B0071CEA4 /* UIImageView+Extensions.swift in Sources */,
				35EA315026F89D530071CEA4 /* LaunchViewController.swift in Sources */,
				359FD68C26FA2335006B2414 /* CategoryTableViewCell.swift in Sources */,
				35EA318926F8A8F70071CEA4 /* Logger.swift in Sources */,
				35EA318F26F8AE5F0071CEA4 /* AdCollectionViewCell.swift in Sources */,
				35EA317626F8A1CF0071CEA4 /* APIService.swift in Sources */,
				35EA316126F89DE30071CEA4 /* Category.swift in Sources */,
			);
			runOnlyForDeploymentPostprocessing = 0;
		};
		354379EF26F8955900089A98 /* Sources */ = {
			isa = PBXSourcesBuildPhase;
			buildActionMask = 2147483647;
			files = (
				359FD69E26FA4B4E006B2414 /* ConfigTests.swift in Sources */,
				359FD69C26FA49F3006B2414 /* CategoryTableViewCellTests.swift in Sources */,
				359FD6A626FA50B0006B2414 /* AdCollectionViewCellTests.swift in Sources */,
				359FD69026FA38A7006B2414 /* AdTests.swift in Sources */,
				35EA315F26F89DD20071CEA4 /* Ad.swift in Sources */,
				359FD69226FA3C57006B2414 /* UIStackView+Extensions.swift in Sources */,
				35EA317926F8A1CF0071CEA4 /* APIService.swift in Sources */,
				35EA319226F8AE5F0071CEA4 /* AdCollectionViewCell.swift in Sources */,
				35EA318026F8A21F0071CEA4 /* APIService+Listing.swift in Sources */,
				35EA316F26F89FA50071CEA4 /* Config.swift in Sources */,
				359FD69126FA3C44006B2414 /* UIImageView+Extensions.swift in Sources */,
				35EA318C26F8A8F70071CEA4 /* Logger.swift in Sources */,
				359FD69626FA44B9006B2414 /* CategoryTests.swift in Sources */,
				359FD6A026FA4C6F006B2414 /* CategoryPickerViewControllerTests.swift in Sources */,
				35EA316426F89DE30071CEA4 /* Category.swift in Sources */,
				359FD69A26FA47F9006B2414 /* ExtensionsTests.swift in Sources */,
				35EA316926F89E460071CEA4 /* ImageUrl.swift in Sources */,
				35EA318626F8A7BE0071CEA4 /* APIService+Categories.swift in Sources */,
				359FD69426FA412E006B2414 /* AdsTests.swift in Sources */,
				359FD69826FA4533006B2414 /* APIServiceTests.swift in Sources */,
				35EA317426F89FAC0071CEA4 /* Constants.swift in Sources */,
			);
			runOnlyForDeploymentPostprocessing = 0;
		};
		354379FA26F8955900089A98 /* Sources */ = {
			isa = PBXSourcesBuildPhase;
			buildActionMask = 2147483647;
			files = (
				35B6DBDE26FA84FF00DAFBD5 /* ListUITests.swift in Sources */,
				35B6DBD926FA7F1900DAFBD5 /* LaunchUITests.swift in Sources */,
				35B6DBDC26FA828000DAFBD5 /* UITestsExtensions.swift in Sources */,
			);
			runOnlyForDeploymentPostprocessing = 0;
		};
		35437A1626F8999800089A98 /* Sources */ = {
			isa = PBXSourcesBuildPhase;
			buildActionMask = 2147483647;
			files = (
				35EA317226F89FAC0071CEA4 /* Constants.swift in Sources */,
				35437A1826F8999800089A98 /* AppDelegate.swift in Sources */,
				35EA318426F8A7BD0071CEA4 /* APIService+Categories.swift in Sources */,
				35EA315D26F89DD20071CEA4 /* Ad.swift in Sources */,
				359FD68926FA2030006B2414 /* CategoryPickerViewController.swift in Sources */,
				35EA314C26F89B5D0071CEA4 /* BaseViewController.swift in Sources */,
				35EA315926F89D760071CEA4 /* DetailViewController.swift in Sources */,
				35EA317E26F8A21F0071CEA4 /* APIService+Listing.swift in Sources */,
				35EA31C226F8D6CC0071CEA4 /* UIStackView+Extensions.swift in Sources */,
				35EA315526F89D6F0071CEA4 /* ListViewController.swift in Sources */,
				35EA31BE26F8C2DA0071CEA4 /* Router.swift in Sources */,
				35EA316726F89E460071CEA4 /* ImageUrl.swift in Sources */,
				35EA316D26F89FA50071CEA4 /* Config.swift in Sources */,
				35EA31C626F8DD5B0071CEA4 /* UIImageView+Extensions.swift in Sources */,
				35EA315126F89D530071CEA4 /* LaunchViewController.swift in Sources */,
				359FD68D26FA2335006B2414 /* CategoryTableViewCell.swift in Sources */,
				35EA318A26F8A8F70071CEA4 /* Logger.swift in Sources */,
				35EA319026F8AE5F0071CEA4 /* AdCollectionViewCell.swift in Sources */,
				35EA317726F8A1CF0071CEA4 /* APIService.swift in Sources */,
				35EA316226F89DE30071CEA4 /* Category.swift in Sources */,
			);
			runOnlyForDeploymentPostprocessing = 0;
		};
		35437A2426F8999F00089A98 /* Sources */ = {
			isa = PBXSourcesBuildPhase;
			buildActionMask = 2147483647;
			files = (
				35EA317326F89FAC0071CEA4 /* Constants.swift in Sources */,
				35437A2626F8999F00089A98 /* AppDelegate.swift in Sources */,
				35EA318526F8A7BE0071CEA4 /* APIService+Categories.swift in Sources */,
				35EA315E26F89DD20071CEA4 /* Ad.swift in Sources */,
				359FD68A26FA2030006B2414 /* CategoryPickerViewController.swift in Sources */,
				35EA314D26F89B5D0071CEA4 /* BaseViewController.swift in Sources */,
				35EA315A26F89D760071CEA4 /* DetailViewController.swift in Sources */,
				35EA317F26F8A21F0071CEA4 /* APIService+Listing.swift in Sources */,
				35EA31C326F8D6CC0071CEA4 /* UIStackView+Extensions.swift in Sources */,
				35EA315626F89D6F0071CEA4 /* ListViewController.swift in Sources */,
				35EA31BF26F8C2DA0071CEA4 /* Router.swift in Sources */,
				35EA316826F89E460071CEA4 /* ImageUrl.swift in Sources */,
				35EA316E26F89FA50071CEA4 /* Config.swift in Sources */,
				35EA31C726F8DD5B0071CEA4 /* UIImageView+Extensions.swift in Sources */,
				35EA315226F89D530071CEA4 /* LaunchViewController.swift in Sources */,
				359FD68E26FA2335006B2414 /* CategoryTableViewCell.swift in Sources */,
				35EA318B26F8A8F70071CEA4 /* Logger.swift in Sources */,
				35EA319126F8AE5F0071CEA4 /* AdCollectionViewCell.swift in Sources */,
				35EA317826F8A1CF0071CEA4 /* APIService.swift in Sources */,
				35EA316326F89DE30071CEA4 /* Category.swift in Sources */,
			);
			runOnlyForDeploymentPostprocessing = 0;
		};
/* End PBXSourcesBuildPhase section */

/* Begin PBXTargetDependency section */
		354379F526F8955900089A98 /* PBXTargetDependency */ = {
			isa = PBXTargetDependency;
			target = 354379DC26F8955700089A98 /* DEV */;
			targetProxy = 354379F426F8955900089A98 /* PBXContainerItemProxy */;
		};
		35437A0026F8955900089A98 /* PBXTargetDependency */ = {
			isa = PBXTargetDependency;
			target = 354379DC26F8955700089A98 /* DEV */;
			targetProxy = 354379FF26F8955900089A98 /* PBXContainerItemProxy */;
		};
		359FD6A226FA4FE3006B2414 /* PBXTargetDependency */ = {
			isa = PBXTargetDependency;
			target = 35437A1526F8999800089A98 /* REC */;
			targetProxy = 359FD6A126FA4FE3006B2414 /* PBXContainerItemProxy */;
		};
		359FD6A426FA5011006B2414 /* PBXTargetDependency */ = {
			isa = PBXTargetDependency;
			target = 35437A1526F8999800089A98 /* REC */;
			targetProxy = 359FD6A326FA5011006B2414 /* PBXContainerItemProxy */;
		};
/* End PBXTargetDependency section */

/* Begin PBXVariantGroup section */
		354379EB26F8955900089A98 /* LaunchScreen.storyboard */ = {
			isa = PBXVariantGroup;
			children = (
				354379EC26F8955900089A98 /* Base */,
			);
			name = LaunchScreen.storyboard;
			sourceTree = "<group>";
		};
/* End PBXVariantGroup section */

/* Begin XCBuildConfiguration section */
		35437A0526F8955900089A98 /* Debug */ = {
			isa = XCBuildConfiguration;
			buildSettings = {
				ALWAYS_SEARCH_USER_PATHS = NO;
				CLANG_ANALYZER_NONNULL = YES;
				CLANG_ANALYZER_NUMBER_OBJECT_CONVERSION = YES_AGGRESSIVE;
				CLANG_CXX_LANGUAGE_STANDARD = "gnu++14";
				CLANG_CXX_LIBRARY = "libc++";
				CLANG_ENABLE_MODULES = YES;
				CLANG_ENABLE_OBJC_ARC = YES;
				CLANG_ENABLE_OBJC_WEAK = YES;
				CLANG_WARN_BLOCK_CAPTURE_AUTORELEASING = YES;
				CLANG_WARN_BOOL_CONVERSION = YES;
				CLANG_WARN_COMMA = YES;
				CLANG_WARN_CONSTANT_CONVERSION = YES;
				CLANG_WARN_DEPRECATED_OBJC_IMPLEMENTATIONS = YES;
				CLANG_WARN_DIRECT_OBJC_ISA_USAGE = YES_ERROR;
				CLANG_WARN_DOCUMENTATION_COMMENTS = YES;
				CLANG_WARN_EMPTY_BODY = YES;
				CLANG_WARN_ENUM_CONVERSION = YES;
				CLANG_WARN_INFINITE_RECURSION = YES;
				CLANG_WARN_INT_CONVERSION = YES;
				CLANG_WARN_NON_LITERAL_NULL_CONVERSION = YES;
				CLANG_WARN_OBJC_IMPLICIT_RETAIN_SELF = YES;
				CLANG_WARN_OBJC_LITERAL_CONVERSION = YES;
				CLANG_WARN_OBJC_ROOT_CLASS = YES_ERROR;
				CLANG_WARN_QUOTED_INCLUDE_IN_FRAMEWORK_HEADER = YES;
				CLANG_WARN_RANGE_LOOP_ANALYSIS = YES;
				CLANG_WARN_STRICT_PROTOTYPES = YES;
				CLANG_WARN_SUSPICIOUS_MOVE = YES;
				CLANG_WARN_UNGUARDED_AVAILABILITY = YES_AGGRESSIVE;
				CLANG_WARN_UNREACHABLE_CODE = YES;
				CLANG_WARN__DUPLICATE_METHOD_MATCH = YES;
				COPY_PHASE_STRIP = NO;
				DEBUG_INFORMATION_FORMAT = dwarf;
				ENABLE_STRICT_OBJC_MSGSEND = YES;
				ENABLE_TESTABILITY = YES;
				GCC_C_LANGUAGE_STANDARD = gnu11;
				GCC_DYNAMIC_NO_PIC = NO;
				GCC_NO_COMMON_BLOCKS = YES;
				GCC_OPTIMIZATION_LEVEL = 0;
				GCC_PREPROCESSOR_DEFINITIONS = (
					"DEBUG=1",
					"$(inherited)",
				);
				GCC_WARN_64_TO_32_BIT_CONVERSION = YES;
				GCC_WARN_ABOUT_RETURN_TYPE = YES_ERROR;
				GCC_WARN_UNDECLARED_SELECTOR = YES;
				GCC_WARN_UNINITIALIZED_AUTOS = YES_AGGRESSIVE;
				GCC_WARN_UNUSED_FUNCTION = YES;
				GCC_WARN_UNUSED_VARIABLE = YES;
				IPHONEOS_DEPLOYMENT_TARGET = 12.1;
				MTL_ENABLE_DEBUG_INFO = INCLUDE_SOURCE;
				MTL_FAST_MATH = YES;
				ONLY_ACTIVE_ARCH = YES;
				SDKROOT = iphoneos;
				SWIFT_ACTIVE_COMPILATION_CONDITIONS = DEBUG;
				SWIFT_OPTIMIZATION_LEVEL = "-Onone";
				SWIFT_VERSION = 5.0;
			};
			name = Debug;
		};
		35437A0626F8955900089A98 /* Release */ = {
			isa = XCBuildConfiguration;
			buildSettings = {
				ALWAYS_SEARCH_USER_PATHS = NO;
				CLANG_ANALYZER_NONNULL = YES;
				CLANG_ANALYZER_NUMBER_OBJECT_CONVERSION = YES_AGGRESSIVE;
				CLANG_CXX_LANGUAGE_STANDARD = "gnu++14";
				CLANG_CXX_LIBRARY = "libc++";
				CLANG_ENABLE_MODULES = YES;
				CLANG_ENABLE_OBJC_ARC = YES;
				CLANG_ENABLE_OBJC_WEAK = YES;
				CLANG_WARN_BLOCK_CAPTURE_AUTORELEASING = YES;
				CLANG_WARN_BOOL_CONVERSION = YES;
				CLANG_WARN_COMMA = YES;
				CLANG_WARN_CONSTANT_CONVERSION = YES;
				CLANG_WARN_DEPRECATED_OBJC_IMPLEMENTATIONS = YES;
				CLANG_WARN_DIRECT_OBJC_ISA_USAGE = YES_ERROR;
				CLANG_WARN_DOCUMENTATION_COMMENTS = YES;
				CLANG_WARN_EMPTY_BODY = YES;
				CLANG_WARN_ENUM_CONVERSION = YES;
				CLANG_WARN_INFINITE_RECURSION = YES;
				CLANG_WARN_INT_CONVERSION = YES;
				CLANG_WARN_NON_LITERAL_NULL_CONVERSION = YES;
				CLANG_WARN_OBJC_IMPLICIT_RETAIN_SELF = YES;
				CLANG_WARN_OBJC_LITERAL_CONVERSION = YES;
				CLANG_WARN_OBJC_ROOT_CLASS = YES_ERROR;
				CLANG_WARN_QUOTED_INCLUDE_IN_FRAMEWORK_HEADER = YES;
				CLANG_WARN_RANGE_LOOP_ANALYSIS = YES;
				CLANG_WARN_STRICT_PROTOTYPES = YES;
				CLANG_WARN_SUSPICIOUS_MOVE = YES;
				CLANG_WARN_UNGUARDED_AVAILABILITY = YES_AGGRESSIVE;
				CLANG_WARN_UNREACHABLE_CODE = YES;
				CLANG_WARN__DUPLICATE_METHOD_MATCH = YES;
				COPY_PHASE_STRIP = NO;
				DEBUG_INFORMATION_FORMAT = "dwarf-with-dsym";
				ENABLE_NS_ASSERTIONS = NO;
				ENABLE_STRICT_OBJC_MSGSEND = YES;
				GCC_C_LANGUAGE_STANDARD = gnu11;
				GCC_NO_COMMON_BLOCKS = YES;
				GCC_WARN_64_TO_32_BIT_CONVERSION = YES;
				GCC_WARN_ABOUT_RETURN_TYPE = YES_ERROR;
				GCC_WARN_UNDECLARED_SELECTOR = YES;
				GCC_WARN_UNINITIALIZED_AUTOS = YES_AGGRESSIVE;
				GCC_WARN_UNUSED_FUNCTION = YES;
				GCC_WARN_UNUSED_VARIABLE = YES;
				IPHONEOS_DEPLOYMENT_TARGET = 12.1;
				MTL_ENABLE_DEBUG_INFO = NO;
				MTL_FAST_MATH = YES;
				SDKROOT = iphoneos;
				SWIFT_COMPILATION_MODE = wholemodule;
				SWIFT_OPTIMIZATION_LEVEL = "-O";
				SWIFT_VERSION = 5.0;
				VALIDATE_PRODUCT = YES;
			};
			name = Release;
		};
		35437A0826F8955900089A98 /* Debug */ = {
			isa = XCBuildConfiguration;
			buildSettings = {
				ASSETCATALOG_COMPILER_APPICON_NAME = AppIcon;
				ASSETCATALOG_COMPILER_GLOBAL_ACCENT_COLOR_NAME = AccentColor;
				CODE_SIGN_STYLE = Automatic;
				DEVELOPMENT_TEAM = NN396Z4G3F;
				INFOPLIST_FILE = "$(SRCROOT)/Leboncoin Technical Test/Supporting Files/DEV.plist";
				LD_RUNPATH_SEARCH_PATHS = (
					"$(inherited)",
					"@executable_path/Frameworks",
				);
				PRODUCT_BUNDLE_IDENTIFIER = "com.valentindenis.Leboncoin-TechnicalTest.dev";
				PRODUCT_NAME = "$(TARGET_NAME)";
				SWIFT_VERSION = 5.0;
				TARGETED_DEVICE_FAMILY = "1,2";
			};
			name = Debug;
		};
		35437A0926F8955900089A98 /* Release */ = {
			isa = XCBuildConfiguration;
			buildSettings = {
				ASSETCATALOG_COMPILER_APPICON_NAME = AppIcon;
				ASSETCATALOG_COMPILER_GLOBAL_ACCENT_COLOR_NAME = AccentColor;
				CODE_SIGN_STYLE = Automatic;
				DEVELOPMENT_TEAM = NN396Z4G3F;
				INFOPLIST_FILE = "$(SRCROOT)/Leboncoin Technical Test/Supporting Files/DEV.plist";
				LD_RUNPATH_SEARCH_PATHS = (
					"$(inherited)",
					"@executable_path/Frameworks",
				);
				PRODUCT_BUNDLE_IDENTIFIER = "com.valentindenis.Leboncoin-TechnicalTest.dev";
				PRODUCT_NAME = "$(TARGET_NAME)";
				SWIFT_VERSION = 5.0;
				TARGETED_DEVICE_FAMILY = "1,2";
			};
			name = Release;
		};
		35437A0B26F8955900089A98 /* Debug */ = {
			isa = XCBuildConfiguration;
			buildSettings = {
				ALWAYS_EMBED_SWIFT_STANDARD_LIBRARIES = YES;
				BUNDLE_LOADER = "$(TEST_HOST)";
				CODE_SIGN_STYLE = Automatic;
				DEVELOPMENT_TEAM = NN396Z4G3F;
				INFOPLIST_FILE = "Leboncoin Technical TestTests/Info.plist";
				IPHONEOS_DEPLOYMENT_TARGET = 14.5;
				LD_RUNPATH_SEARCH_PATHS = (
					"$(inherited)",
					"@executable_path/Frameworks",
					"@loader_path/Frameworks",
				);
				PRODUCT_BUNDLE_IDENTIFIER = "com.valentindenis.Leboncoin-Technical-TestTests";
				PRODUCT_NAME = "$(TARGET_NAME)";
				SWIFT_VERSION = 5.0;
				TARGETED_DEVICE_FAMILY = "1,2";
				TEST_HOST = "$(BUILT_PRODUCTS_DIR)/DEV.app/DEV";
			};
			name = Debug;
		};
		35437A0C26F8955900089A98 /* Release */ = {
			isa = XCBuildConfiguration;
			buildSettings = {
				ALWAYS_EMBED_SWIFT_STANDARD_LIBRARIES = YES;
				BUNDLE_LOADER = "$(TEST_HOST)";
				CODE_SIGN_STYLE = Automatic;
				DEVELOPMENT_TEAM = NN396Z4G3F;
				INFOPLIST_FILE = "Leboncoin Technical TestTests/Info.plist";
				IPHONEOS_DEPLOYMENT_TARGET = 14.5;
				LD_RUNPATH_SEARCH_PATHS = (
					"$(inherited)",
					"@executable_path/Frameworks",
					"@loader_path/Frameworks",
				);
				PRODUCT_BUNDLE_IDENTIFIER = "com.valentindenis.Leboncoin-Technical-TestTests";
				PRODUCT_NAME = "$(TARGET_NAME)";
				SWIFT_VERSION = 5.0;
				TARGETED_DEVICE_FAMILY = "1,2";
				TEST_HOST = "$(BUILT_PRODUCTS_DIR)/DEV.app/DEV";
			};
			name = Release;
		};
		35437A0E26F8955900089A98 /* Debug */ = {
			isa = XCBuildConfiguration;
			buildSettings = {
				ALWAYS_EMBED_SWIFT_STANDARD_LIBRARIES = YES;
				CODE_SIGN_STYLE = Automatic;
				DEVELOPMENT_TEAM = NN396Z4G3F;
				INFOPLIST_FILE = "Leboncoin Technical TestUITests/Info.plist";
				LD_RUNPATH_SEARCH_PATHS = (
					"$(inherited)",
					"@executable_path/Frameworks",
					"@loader_path/Frameworks",
				);
				PRODUCT_BUNDLE_IDENTIFIER = "com.valentindenis.Leboncoin-Technical-TestUITests";
				PRODUCT_NAME = "$(TARGET_NAME)";
				PROVISIONING_PROFILE = "";
				SWIFT_VERSION = 5.0;
				TARGETED_DEVICE_FAMILY = "1,2";
				TEST_TARGET_NAME = DEV;
			};
			name = Debug;
		};
		35437A0F26F8955900089A98 /* Release */ = {
			isa = XCBuildConfiguration;
			buildSettings = {
				ALWAYS_EMBED_SWIFT_STANDARD_LIBRARIES = YES;
				CODE_SIGN_STYLE = Automatic;
				DEVELOPMENT_TEAM = NN396Z4G3F;
				INFOPLIST_FILE = "Leboncoin Technical TestUITests/Info.plist";
				LD_RUNPATH_SEARCH_PATHS = (
					"$(inherited)",
					"@executable_path/Frameworks",
					"@loader_path/Frameworks",
				);
				PRODUCT_BUNDLE_IDENTIFIER = "com.valentindenis.Leboncoin-Technical-TestUITests";
				PRODUCT_NAME = "$(TARGET_NAME)";
				PROVISIONING_PROFILE = "";
				SWIFT_VERSION = 5.0;
				TARGETED_DEVICE_FAMILY = "1,2";
				TEST_TARGET_NAME = DEV;
			};
			name = Release;
		};
		35437A2026F8999800089A98 /* Debug */ = {
			isa = XCBuildConfiguration;
			buildSettings = {
				ASSETCATALOG_COMPILER_APPICON_NAME = AppIcon;
				ASSETCATALOG_COMPILER_GLOBAL_ACCENT_COLOR_NAME = AccentColor;
				CODE_SIGN_STYLE = Automatic;
				DEVELOPMENT_TEAM = NN396Z4G3F;
				INFOPLIST_FILE = "$(SRCROOT)/Leboncoin Technical Test/Supporting Files/REC.plist";
				LD_RUNPATH_SEARCH_PATHS = (
					"$(inherited)",
					"@executable_path/Frameworks",
				);
				PRODUCT_BUNDLE_IDENTIFIER = "com.valentindenis.Leboncoin-TechnicalTest.rec";
				PRODUCT_NAME = "$(TARGET_NAME)";
				SWIFT_VERSION = 5.0;
				TARGETED_DEVICE_FAMILY = "1,2";
			};
			name = Debug;
		};
		35437A2126F8999800089A98 /* Release */ = {
			isa = XCBuildConfiguration;
			buildSettings = {
				ASSETCATALOG_COMPILER_APPICON_NAME = AppIcon;
				ASSETCATALOG_COMPILER_GLOBAL_ACCENT_COLOR_NAME = AccentColor;
				CODE_SIGN_IDENTITY = "Apple Development";
				CODE_SIGN_STYLE = Automatic;
				DEVELOPMENT_TEAM = NN396Z4G3F;
				INFOPLIST_FILE = "$(SRCROOT)/Leboncoin Technical Test/Supporting Files/REC.plist";
				LD_RUNPATH_SEARCH_PATHS = (
					"$(inherited)",
					"@executable_path/Frameworks",
				);
				PRODUCT_BUNDLE_IDENTIFIER = "com.valentindenis.Leboncoin-TechnicalTest.rec";
				PRODUCT_NAME = "$(TARGET_NAME)";
				PROVISIONING_PROFILE_SPECIFIER = "";
				SWIFT_VERSION = 5.0;
				TARGETED_DEVICE_FAMILY = "1,2";
			};
			name = Release;
		};
		35437A2E26F8999F00089A98 /* Debug */ = {
			isa = XCBuildConfiguration;
			buildSettings = {
				ASSETCATALOG_COMPILER_APPICON_NAME = AppIcon;
				ASSETCATALOG_COMPILER_GLOBAL_ACCENT_COLOR_NAME = AccentColor;
				CODE_SIGN_STYLE = Automatic;
				DEVELOPMENT_TEAM = NN396Z4G3F;
				INFOPLIST_FILE = "$(SRCROOT)/Leboncoin Technical Test/Supporting Files/PROD.plist";
				LD_RUNPATH_SEARCH_PATHS = (
					"$(inherited)",
					"@executable_path/Frameworks",
				);
				PRODUCT_BUNDLE_IDENTIFIER = "com.valentindenis.Leboncoin-TechnicalTest";
				PRODUCT_NAME = "$(TARGET_NAME)";
				SWIFT_VERSION = 5.0;
				TARGETED_DEVICE_FAMILY = "1,2";
			};
			name = Debug;
		};
		35437A2F26F8999F00089A98 /* Release */ = {
			isa = XCBuildConfiguration;
			buildSettings = {
				ASSETCATALOG_COMPILER_APPICON_NAME = AppIcon;
				ASSETCATALOG_COMPILER_GLOBAL_ACCENT_COLOR_NAME = AccentColor;
				CODE_SIGN_STYLE = Automatic;
				DEVELOPMENT_TEAM = NN396Z4G3F;
				INFOPLIST_FILE = "$(SRCROOT)/Leboncoin Technical Test/Supporting Files/PROD.plist";
				LD_RUNPATH_SEARCH_PATHS = (
					"$(inherited)",
					"@executable_path/Frameworks",
				);
				PRODUCT_BUNDLE_IDENTIFIER = "com.valentindenis.Leboncoin-TechnicalTest";
				PRODUCT_NAME = "$(TARGET_NAME)";
				SWIFT_VERSION = 5.0;
				TARGETED_DEVICE_FAMILY = "1,2";
			};
			name = Release;
		};
/* End XCBuildConfiguration section */

/* Begin XCConfigurationList section */
		354379D826F8955700089A98 /* Build configuration list for PBXProject "Leboncoin Technical Test" */ = {
			isa = XCConfigurationList;
			buildConfigurations = (
				35437A0526F8955900089A98 /* Debug */,
				35437A0626F8955900089A98 /* Release */,
			);
			defaultConfigurationIsVisible = 0;
			defaultConfigurationName = Release;
		};
		35437A0726F8955900089A98 /* Build configuration list for PBXNativeTarget "DEV" */ = {
			isa = XCConfigurationList;
			buildConfigurations = (
				35437A0826F8955900089A98 /* Debug */,
				35437A0926F8955900089A98 /* Release */,
			);
			defaultConfigurationIsVisible = 0;
			defaultConfigurationName = Release;
		};
		35437A0A26F8955900089A98 /* Build configuration list for PBXNativeTarget "Leboncoin Technical TestTests" */ = {
			isa = XCConfigurationList;
			buildConfigurations = (
				35437A0B26F8955900089A98 /* Debug */,
				35437A0C26F8955900089A98 /* Release */,
			);
			defaultConfigurationIsVisible = 0;
			defaultConfigurationName = Release;
		};
		35437A0D26F8955900089A98 /* Build configuration list for PBXNativeTarget "Leboncoin Technical TestUITests" */ = {
			isa = XCConfigurationList;
			buildConfigurations = (
				35437A0E26F8955900089A98 /* Debug */,
				35437A0F26F8955900089A98 /* Release */,
			);
			defaultConfigurationIsVisible = 0;
			defaultConfigurationName = Release;
		};
		35437A1F26F8999800089A98 /* Build configuration list for PBXNativeTarget "REC" */ = {
			isa = XCConfigurationList;
			buildConfigurations = (
				35437A2026F8999800089A98 /* Debug */,
				35437A2126F8999800089A98 /* Release */,
			);
			defaultConfigurationIsVisible = 0;
			defaultConfigurationName = Release;
		};
		35437A2D26F8999F00089A98 /* Build configuration list for PBXNativeTarget "PROD" */ = {
			isa = XCConfigurationList;
			buildConfigurations = (
				35437A2E26F8999F00089A98 /* Debug */,
				35437A2F26F8999F00089A98 /* Release */,
			);
			defaultConfigurationIsVisible = 0;
			defaultConfigurationName = Release;
		};
/* End XCConfigurationList section */
	};
	rootObject = 354379D526F8955700089A98 /* Project object */;
}
